
Microsoft Visual Studio Solution File, Format Version 12.00
# Visual Studio Version 17
VisualStudioVersion = 17.9.34728.123
MinimumVisualStudioVersion = 10.0.40219.1
Project("{FAE04EC0-301F-11D3-BF4B-00C04F79EFBC}") = "SE183584WpfApp", "SE183584WpfApp\SE183584WpfApp.csproj", "{68BBC88E-A5C0-4683-9822-5831823D5407}"
EndProject
Global
	GlobalSection(SolutionConfigurationPlatforms) = preSolution
		Debug|Any CPU = Debug|Any CPU
		Release|Any CPU = Release|Any CPU
	EndGlobalSection
	GlobalSection(ProjectConfigurationPlatforms) = postSolution
		{68BBC88E-A5C0-4683-9822-5831823D5407}.Debug|Any CPU.ActiveCfg = Debug|Any CPU
		{68BBC88E-A5C0-4683-9822-5831823D5407}.Debug|Any CPU.Build.0 = Debug|Any CPU
		{68BBC88E-A5C0-4683-9822-5831823D5407}.Release|Any CPU.ActiveCfg = Release|Any CPU
		{68BBC88E-A5C0-4683-9822-5831823D5407}.Release|Any CPU.Build.0 = Release|Any CPU
	EndGlobalSection
	GlobalSection(SolutionProperties) = preSolution
		HideSolutionNode = FALSE
	EndGlobalSection
	GlobalSection(ExtensibilityGlobals) = postSolution
		SolutionGuid = {3B34D9A2-A29E-4CEB-9FB0-0EDE84C0ADF5}
	EndGlobalSection
EndGlobal
